// !$*UTF8*$!
{
	archiveVersion = 1;
	classes = {
	};
	objectVersion = 50;
	objects = {

/* Begin PBXBuildFile section */
		BE46486C23110C1000F4147B /* AppDelegate.swift in Sources */ = {isa = PBXBuildFile; fileRef = BE46486B23110C1000F4147B /* AppDelegate.swift */; };
		BE46486E23110C1000F4147B /* ViewController.swift in Sources */ = {isa = PBXBuildFile; fileRef = BE46486D23110C1000F4147B /* ViewController.swift */; };
		BE46487123110C1000F4147B /* Main.storyboard in Resources */ = {isa = PBXBuildFile; fileRef = BE46486F23110C1000F4147B /* Main.storyboard */; };
		BE46487423110C1000F4147B /* collectionView.xcdatamodeld in Sources */ = {isa = PBXBuildFile; fileRef = BE46487223110C1000F4147B /* collectionView.xcdatamodeld */; };
		BE46487623110C1300F4147B /* Assets.xcassets in Resources */ = {isa = PBXBuildFile; fileRef = BE46487523110C1300F4147B /* Assets.xcassets */; };
		BE46487923110C1300F4147B /* LaunchScreen.storyboard in Resources */ = {isa = PBXBuildFile; fileRef = BE46487723110C1300F4147B /* LaunchScreen.storyboard */; };
		BE46488423110C1300F4147B /* collectionViewTests.swift in Sources */ = {isa = PBXBuildFile; fileRef = BE46488323110C1300F4147B /* collectionViewTests.swift */; };
		BE46488F23110C1300F4147B /* collectionViewUITests.swift in Sources */ = {isa = PBXBuildFile; fileRef = BE46488E23110C1300F4147B /* collectionViewUITests.swift */; };
		BE46489D23110CAD00F4147B /* CollectionViewTableViewCell.swift in Sources */ = {isa = PBXBuildFile; fileRef = BE46489C23110CAD00F4147B /* CollectionViewTableViewCell.swift */; };
		BE46489F23110CD600F4147B /* CollectionViewCell.swift in Sources */ = {isa = PBXBuildFile; fileRef = BE46489E23110CD600F4147B /* CollectionViewCell.swift */; };
/* End PBXBuildFile section */

/* Begin PBXContainerItemProxy section */
		BE46488023110C1300F4147B /* PBXContainerItemProxy */ = {
			isa = PBXContainerItemProxy;
			containerPortal = BE46486023110C1000F4147B /* Project object */;
			proxyType = 1;
			remoteGlobalIDString = BE46486723110C1000F4147B;
			remoteInfo = collectionView;
		};
		BE46488B23110C1300F4147B /* PBXContainerItemProxy */ = {
			isa = PBXContainerItemProxy;
			containerPortal = BE46486023110C1000F4147B /* Project object */;
			proxyType = 1;
			remoteGlobalIDString = BE46486723110C1000F4147B;
			remoteInfo = collectionView;
		};
/* End PBXContainerItemProxy section */

/* Begin PBXFileReference section */
		BE46486823110C1000F4147B /* collectionView.app */ = {isa = PBXFileReference; explicitFileType = wrapper.application; includeInIndex = 0; path = collectionView.app; sourceTree = BUILT_PRODUCTS_DIR; };
		BE46486B23110C1000F4147B /* AppDelegate.swift */ = {isa = PBXFileReference; lastKnownFileType = sourcecode.swift; path = AppDelegate.swift; sourceTree = "<group>"; };
		BE46486D23110C1000F4147B /* ViewController.swift */ = {isa = PBXFileReference; lastKnownFileType = sourcecode.swift; path = ViewController.swift; sourceTree = "<group>"; };
		BE46487023110C1000F4147B /* Base */ = {isa = PBXFileReference; lastKnownFileType = file.storyboard; name = Base; path = Base.lproj/Main.storyboard; sourceTree = "<group>"; };
		BE46487323110C1000F4147B /* collectionView.xcdatamodel */ = {isa = PBXFileReference; lastKnownFileType = wrapper.xcdatamodel; path = collectionView.xcdatamodel; sourceTree = "<group>"; };
		BE46487523110C1300F4147B /* Assets.xcassets */ = {isa = PBXFileReference; lastKnownFileType = folder.assetcatalog; path = Assets.xcassets; sourceTree = "<group>"; };
		BE46487823110C1300F4147B /* Base */ = {isa = PBXFileReference; lastKnownFileType = file.storyboard; name = Base; path = Base.lproj/LaunchScreen.storyboard; sourceTree = "<group>"; };
		BE46487A23110C1300F4147B /* Info.plist */ = {isa = PBXFileReference; lastKnownFileType = text.plist.xml; path = Info.plist; sourceTree = "<group>"; };
		BE46487F23110C1300F4147B /* collectionViewTests.xctest */ = {isa = PBXFileReference; explicitFileType = wrapper.cfbundle; includeInIndex = 0; path = collectionViewTests.xctest; sourceTree = BUILT_PRODUCTS_DIR; };
		BE46488323110C1300F4147B /* collectionViewTests.swift */ = {isa = PBXFileReference; lastKnownFileType = sourcecode.swift; path = collectionViewTests.swift; sourceTree = "<group>"; };
		BE46488523110C1300F4147B /* Info.plist */ = {isa = PBXFileReference; lastKnownFileType = text.plist.xml; path = Info.plist; sourceTree = "<group>"; };
		BE46488A23110C1300F4147B /* collectionViewUITests.xctest */ = {isa = PBXFileReference; explicitFileType = wrapper.cfbundle; includeInIndex = 0; path = collectionViewUITests.xctest; sourceTree = BUILT_PRODUCTS_DIR; };
		BE46488E23110C1300F4147B /* collectionViewUITests.swift */ = {isa = PBXFileReference; lastKnownFileType = sourcecode.swift; path = collectionViewUITests.swift; sourceTree = "<group>"; };
		BE46489023110C1300F4147B /* Info.plist */ = {isa = PBXFileReference; lastKnownFileType = text.plist.xml; path = Info.plist; sourceTree = "<group>"; };
		BE46489C23110CAD00F4147B /* CollectionViewTableViewCell.swift */ = {isa = PBXFileReference; lastKnownFileType = sourcecode.swift; path = CollectionViewTableViewCell.swift; sourceTree = "<group>"; };
		BE46489E23110CD600F4147B /* CollectionViewCell.swift */ = {isa = PBXFileReference; lastKnownFileType = sourcecode.swift; path = CollectionViewCell.swift; sourceTree = "<group>"; };
/* End PBXFileReference section */

/* Begin PBXFrameworksBuildPhase section */
		BE46486523110C1000F4147B /* Frameworks */ = {
			isa = PBXFrameworksBuildPhase;
			buildActionMask = 2147483647;
			files = (
			);
			runOnlyForDeploymentPostprocessing = 0;
		};
		BE46487C23110C1300F4147B /* Frameworks */ = {
			isa = PBXFrameworksBuildPhase;
			buildActionMask = 2147483647;
			files = (
			);
			runOnlyForDeploymentPostprocessing = 0;
		};
		BE46488723110C1300F4147B /* Frameworks */ = {
			isa = PBXFrameworksBuildPhase;
			buildActionMask = 2147483647;
			files = (
			);
			runOnlyForDeploymentPostprocessing = 0;
		};
/* End PBXFrameworksBuildPhase section */

/* Begin PBXGroup section */
		BE46485F23110C1000F4147B = {
			isa = PBXGroup;
			children = (
				BE46486A23110C1000F4147B /* collectionView */,
				BE46488223110C1300F4147B /* collectionViewTests */,
				BE46488D23110C1300F4147B /* collectionViewUITests */,
				BE46486923110C1000F4147B /* Products */,
			);
			sourceTree = "<group>";
		};
		BE46486923110C1000F4147B /* Products */ = {
			isa = PBXGroup;
			children = (
				BE46486823110C1000F4147B /* collectionView.app */,
				BE46487F23110C1300F4147B /* collectionViewTests.xctest */,
				BE46488A23110C1300F4147B /* collectionViewUITests.xctest */,
			);
			name = Products;
			sourceTree = "<group>";
		};
		BE46486A23110C1000F4147B /* collectionView */ = {
			isa = PBXGroup;
			children = (
				BE46486B23110C1000F4147B /* AppDelegate.swift */,
				BE46486D23110C1000F4147B /* ViewController.swift */,
				BE46486F23110C1000F4147B /* Main.storyboard */,
				BE46487523110C1300F4147B /* Assets.xcassets */,
				BE46487723110C1300F4147B /* LaunchScreen.storyboard */,
				BE46487A23110C1300F4147B /* Info.plist */,
				BE46487223110C1000F4147B /* collectionView.xcdatamodeld */,
				BE46489C23110CAD00F4147B /* CollectionViewTableViewCell.swift */,
				BE46489E23110CD600F4147B /* CollectionViewCell.swift */,
			);
			path = collectionView;
			sourceTree = "<group>";
		};
		BE46488223110C1300F4147B /* collectionViewTests */ = {
			isa = PBXGroup;
			children = (
				BE46488323110C1300F4147B /* collectionViewTests.swift */,
				BE46488523110C1300F4147B /* Info.plist */,
			);
			path = collectionViewTests;
			sourceTree = "<group>";
		};
		BE46488D23110C1300F4147B /* collectionViewUITests */ = {
			isa = PBXGroup;
			children = (
				BE46488E23110C1300F4147B /* collectionViewUITests.swift */,
				BE46489023110C1300F4147B /* Info.plist */,
			);
			path = collectionViewUITests;
			sourceTree = "<group>";
		};
/* End PBXGroup section */

/* Begin PBXNativeTarget section */
		BE46486723110C1000F4147B /* collectionView */ = {
			isa = PBXNativeTarget;
			buildConfigurationList = BE46489323110C1300F4147B /* Build configuration list for PBXNativeTarget "collectionView" */;
			buildPhases = (
				BE46486423110C1000F4147B /* Sources */,
				BE46486523110C1000F4147B /* Frameworks */,
				BE46486623110C1000F4147B /* Resources */,
			);
			buildRules = (
			);
			dependencies = (
			);
			name = collectionView;
			productName = collectionView;
			productReference = BE46486823110C1000F4147B /* collectionView.app */;
			productType = "com.apple.product-type.application";
		};
		BE46487E23110C1300F4147B /* collectionViewTests */ = {
			isa = PBXNativeTarget;
			buildConfigurationList = BE46489623110C1300F4147B /* Build configuration list for PBXNativeTarget "collectionViewTests" */;
			buildPhases = (
				BE46487B23110C1300F4147B /* Sources */,
				BE46487C23110C1300F4147B /* Frameworks */,
				BE46487D23110C1300F4147B /* Resources */,
			);
			buildRules = (
			);
			dependencies = (
				BE46488123110C1300F4147B /* PBXTargetDependency */,
			);
			name = collectionViewTests;
			productName = collectionViewTests;
			productReference = BE46487F23110C1300F4147B /* collectionViewTests.xctest */;
			productType = "com.apple.product-type.bundle.unit-test";
		};
		BE46488923110C1300F4147B /* collectionViewUITests */ = {
			isa = PBXNativeTarget;
			buildConfigurationList = BE46489923110C1300F4147B /* Build configuration list for PBXNativeTarget "collectionViewUITests" */;
			buildPhases = (
				BE46488623110C1300F4147B /* Sources */,
				BE46488723110C1300F4147B /* Frameworks */,
				BE46488823110C1300F4147B /* Resources */,
			);
			buildRules = (
			);
			dependencies = (
				BE46488C23110C1300F4147B /* PBXTargetDependency */,
			);
			name = collectionViewUITests;
			productName = collectionViewUITests;
			productReference = BE46488A23110C1300F4147B /* collectionViewUITests.xctest */;
			productType = "com.apple.product-type.bundle.ui-testing";
		};
/* End PBXNativeTarget section */

/* Begin PBXProject section */
		BE46486023110C1000F4147B /* Project object */ = {
			isa = PBXProject;
			attributes = {
				LastSwiftUpdateCheck = 1020;
				LastUpgradeCheck = 1020;
				ORGANIZATIONNAME = "Arjun Patel";
				TargetAttributes = {
					BE46486723110C1000F4147B = {
						CreatedOnToolsVersion = 10.2.1;
					};
					BE46487E23110C1300F4147B = {
						CreatedOnToolsVersion = 10.2.1;
						TestTargetID = BE46486723110C1000F4147B;
					};
					BE46488923110C1300F4147B = {
						CreatedOnToolsVersion = 10.2.1;
						TestTargetID = BE46486723110C1000F4147B;
					};
				};
			};
			buildConfigurationList = BE46486323110C1000F4147B /* Build configuration list for PBXProject "collectionView" */;
			compatibilityVersion = "Xcode 9.3";
			developmentRegion = en;
			hasScannedForEncodings = 0;
			knownRegions = (
				en,
				Base,
			);
			mainGroup = BE46485F23110C1000F4147B;
			productRefGroup = BE46486923110C1000F4147B /* Products */;
			projectDirPath = "";
			projectRoot = "";
			targets = (
				BE46486723110C1000F4147B /* collectionView */,
				BE46487E23110C1300F4147B /* collectionViewTests */,
				BE46488923110C1300F4147B /* collectionViewUITests */,
			);
		};
/* End PBXProject section */

/* Begin PBXResourcesBuildPhase section */
		BE46486623110C1000F4147B /* Resources */ = {
			isa = PBXResourcesBuildPhase;
			buildActionMask = 2147483647;
			files = (
				BE46487923110C1300F4147B /* LaunchScreen.storyboard in Resources */,
				BE46487623110C1300F4147B /* Assets.xcassets in Resources */,
				BE46487123110C1000F4147B /* Main.storyboard in Resources */,
			);
			runOnlyForDeploymentPostprocessing = 0;
		};
		BE46487D23110C1300F4147B /* Resources */ = {
			isa = PBXResourcesBuildPhase;
			buildActionMask = 2147483647;
			files = (
			);
			runOnlyForDeploymentPostprocessing = 0;
		};
		BE46488823110C1300F4147B /* Resources */ = {
			isa = PBXResourcesBuildPhase;
			buildActionMask = 2147483647;
			files = (
			);
			runOnlyForDeploymentPostprocessing = 0;
		};
/* End PBXResourcesBuildPhase section */

/* Begin PBXSourcesBuildPhase section */
		BE46486423110C1000F4147B /* Sources */ = {
			isa = PBXSourcesBuildPhase;
			buildActionMask = 2147483647;
			files = (
				BE46489F23110CD600F4147B /* CollectionViewCell.swift in Sources */,
				BE46486E23110C1000F4147B /* ViewController.swift in Sources */,
				BE46486C23110C1000F4147B /* AppDelegate.swift in Sources */,
				BE46489D23110CAD00F4147B /* CollectionViewTableViewCell.swift in Sources */,
				BE46487423110C1000F4147B /* collectionView.xcdatamodeld in Sources */,
			);
			runOnlyForDeploymentPostprocessing = 0;
		};
		BE46487B23110C1300F4147B /* Sources */ = {
			isa = PBXSourcesBuildPhase;
			buildActionMask = 2147483647;
			files = (
				BE46488423110C1300F4147B /* collectionViewTests.swift in Sources */,
			);
			runOnlyForDeploymentPostprocessing = 0;
		};
		BE46488623110C1300F4147B /* Sources */ = {
			isa = PBXSourcesBuildPhase;
			buildActionMask = 2147483647;
			files = (
				BE46488F23110C1300F4147B /* collectionViewUITests.swift in Sources */,
			);
			runOnlyForDeploymentPostprocessing = 0;
		};
/* End PBXSourcesBuildPhase section */

/* Begin PBXTargetDependency section */
		BE46488123110C1300F4147B /* PBXTargetDependency */ = {
			isa = PBXTargetDependency;
			target = BE46486723110C1000F4147B /* collectionView */;
			targetProxy = BE46488023110C1300F4147B /* PBXContainerItemProxy */;
		};
		BE46488C23110C1300F4147B /* PBXTargetDependency */ = {
			isa = PBXTargetDependency;
			target = BE46486723110C1000F4147B /* collectionView */;
			targetProxy = BE46488B23110C1300F4147B /* PBXContainerItemProxy */;
		};
/* End PBXTargetDependency section */

/* Begin PBXVariantGroup section */
		BE46486F23110C1000F4147B /* Main.storyboard */ = {
			isa = PBXVariantGroup;
			children = (
				BE46487023110C1000F4147B /* Base */,
			);
			name = Main.storyboard;
			sourceTree = "<group>";
		};
		BE46487723110C1300F4147B /* LaunchScreen.storyboard */ = {
			isa = PBXVariantGroup;
			children = (
				BE46487823110C1300F4147B /* Base */,
			);
			name = LaunchScreen.storyboard;
			sourceTree = "<group>";
		};
/* End PBXVariantGroup section */

/* Begin XCBuildConfiguration section */
		BE46489123110C1300F4147B /* Debug */ = {
			isa = XCBuildConfiguration;
			buildSettings = {
				ALWAYS_SEARCH_USER_PATHS = NO;
				CLANG_ANALYZER_NONNULL = YES;
				CLANG_ANALYZER_NUMBER_OBJECT_CONVERSION = YES_AGGRESSIVE;
				CLANG_CXX_LANGUAGE_STANDARD = "gnu++14";
				CLANG_CXX_LIBRARY = "libc++";
				CLANG_ENABLE_MODULES = YES;
				CLANG_ENABLE_OBJC_ARC = YES;
				CLANG_ENABLE_OBJC_WEAK = YES;
				CLANG_WARN_BLOCK_CAPTURE_AUTORELEASING = YES;
				CLANG_WARN_BOOL_CONVERSION = YES;
				CLANG_WARN_COMMA = YES;
				CLANG_WARN_CONSTANT_CONVERSION = YES;
				CLANG_WARN_DEPRECATED_OBJC_IMPLEMENTATIONS = YES;
				CLANG_WARN_DIRECT_OBJC_ISA_USAGE = YES_ERROR;
				CLANG_WARN_DOCUMENTATION_COMMENTS = YES;
				CLANG_WARN_EMPTY_BODY = YES;
				CLANG_WARN_ENUM_CONVERSION = YES;
				CLANG_WARN_INFINITE_RECURSION = YES;
				CLANG_WARN_INT_CONVERSION = YES;
				CLANG_WARN_NON_LITERAL_NULL_CONVERSION = YES;
				CLANG_WARN_OBJC_IMPLICIT_RETAIN_SELF = YES;
				CLANG_WARN_OBJC_LITERAL_CONVERSION = YES;
				CLANG_WARN_OBJC_ROOT_CLASS = YES_ERROR;
				CLANG_WARN_RANGE_LOOP_ANALYSIS = YES;
				CLANG_WARN_STRICT_PROTOTYPES = YES;
				CLANG_WARN_SUSPICIOUS_MOVE = YES;
				CLANG_WARN_UNGUARDED_AVAILABILITY = YES_AGGRESSIVE;
				CLANG_WARN_UNREACHABLE_CODE = YES;
				CLANG_WARN__DUPLICATE_METHOD_MATCH = YES;
				CODE_SIGN_IDENTITY = "iPhone Developer";
				COPY_PHASE_STRIP = NO;
				DEBUG_INFORMATION_FORMAT = dwarf;
				ENABLE_STRICT_OBJC_MSGSEND = YES;
				ENABLE_TESTABILITY = YES;
				GCC_C_LANGUAGE_STANDARD = gnu11;
				GCC_DYNAMIC_NO_PIC = NO;
				GCC_NO_COMMON_BLOCKS = YES;
				GCC_OPTIMIZATION_LEVEL = 0;
				GCC_PREPROCESSOR_DEFINITIONS = (
					"DEBUG=1",
					"$(inherited)",
				);
				GCC_WARN_64_TO_32_BIT_CONVERSION = YES;
				GCC_WARN_ABOUT_RETURN_TYPE = YES_ERROR;
				GCC_WARN_UNDECLARED_SELECTOR = YES;
				GCC_WARN_UNINITIALIZED_AUTOS = YES_AGGRESSIVE;
				GCC_WARN_UNUSED_FUNCTION = YES;
				GCC_WARN_UNUSED_VARIABLE = YES;
				IPHONEOS_DEPLOYMENT_TARGET = 12.2;
				MTL_ENABLE_DEBUG_INFO = INCLUDE_SOURCE;
				MTL_FAST_MATH = YES;
				ONLY_ACTIVE_ARCH = YES;
				SDKROOT = iphoneos;
				SWIFT_ACTIVE_COMPILATION_CONDITIONS = DEBUG;
				SWIFT_OPTIMIZATION_LEVEL = "-Onone";
			};
			name = Debug;
		};
		BE46489223110C1300F4147B /* Release */ = {
			isa = XCBuildConfiguration;
			buildSettings = {
				ALWAYS_SEARCH_USER_PATHS = NO;
				CLANG_ANALYZER_NONNULL = YES;
				CLANG_ANALYZER_NUMBER_OBJECT_CONVERSION = YES_AGGRESSIVE;
				CLANG_CXX_LANGUAGE_STANDARD = "gnu++14";
				CLANG_CXX_LIBRARY = "libc++";
				CLANG_ENABLE_MODULES = YES;
				CLANG_ENABLE_OBJC_ARC = YES;
				CLANG_ENABLE_OBJC_WEAK = YES;
				CLANG_WARN_BLOCK_CAPTURE_AUTORELEASING = YES;
				CLANG_WARN_BOOL_CONVERSION = YES;
				CLANG_WARN_COMMA = YES;
				CLANG_WARN_CONSTANT_CONVERSION = YES;
				CLANG_WARN_DEPRECATED_OBJC_IMPLEMENTATIONS = YES;
				CLANG_WARN_DIRECT_OBJC_ISA_USAGE = YES_ERROR;
				CLANG_WARN_DOCUMENTATION_COMMENTS = YES;
				CLANG_WARN_EMPTY_BODY = YES;
				CLANG_WARN_ENUM_CONVERSION = YES;
				CLANG_WARN_INFINITE_RECURSION = YES;
				CLANG_WARN_INT_CONVERSION = YES;
				CLANG_WARN_NON_LITERAL_NULL_CONVERSION = YES;
				CLANG_WARN_OBJC_IMPLICIT_RETAIN_SELF = YES;
				CLANG_WARN_OBJC_LITERAL_CONVERSION = YES;
				CLANG_WARN_OBJC_ROOT_CLASS = YES_ERROR;
				CLANG_WARN_RANGE_LOOP_ANALYSIS = YES;
				CLANG_WARN_STRICT_PROTOTYPES = YES;
				CLANG_WARN_SUSPICIOUS_MOVE = YES;
				CLANG_WARN_UNGUARDED_AVAILABILITY = YES_AGGRESSIVE;
				CLANG_WARN_UNREACHABLE_CODE = YES;
				CLANG_WARN__DUPLICATE_METHOD_MATCH = YES;
				CODE_SIGN_IDENTITY = "iPhone Developer";
				COPY_PHASE_STRIP = NO;
				DEBUG_INFORMATION_FORMAT = "dwarf-with-dsym";
				ENABLE_NS_ASSERTIONS = NO;
				ENABLE_STRICT_OBJC_MSGSEND = YES;
				GCC_C_LANGUAGE_STANDARD = gnu11;
				GCC_NO_COMMON_BLOCKS = YES;
				GCC_WARN_64_TO_32_BIT_CONVERSION = YES;
				GCC_WARN_ABOUT_RETURN_TYPE = YES_ERROR;
				GCC_WARN_UNDECLARED_SELECTOR = YES;
				GCC_WARN_UNINITIALIZED_AUTOS = YES_AGGRESSIVE;
				GCC_WARN_UNUSED_FUNCTION = YES;
				GCC_WARN_UNUSED_VARIABLE = YES;
				IPHONEOS_DEPLOYMENT_TARGET = 12.2;
				MTL_ENABLE_DEBUG_INFO = NO;
				MTL_FAST_MATH = YES;
				SDKROOT = iphoneos;
				SWIFT_COMPILATION_MODE = wholemodule;
				SWIFT_OPTIMIZATION_LEVEL = "-O";
				VALIDATE_PRODUCT = YES;
			};
			name = Release;
		};
		BE46489423110C1300F4147B /* Debug */ = {
			isa = XCBuildConfiguration;
			buildSettings = {
				ASSETCATALOG_COMPILER_APPICON_NAME = AppIcon;
				CODE_SIGN_STYLE = Automatic;
				DEVELOPMENT_TEAM = 2Q842Y4M67;
				INFOPLIST_FILE = collectionView/Info.plist;
				LD_RUNPATH_SEARCH_PATHS = (
					"$(inherited)",
					"@executable_path/Frameworks",
				);
				PRODUCT_BUNDLE_IDENTIFIER = acpatel.collectionView;
				PRODUCT_NAME = "$(TARGET_NAME)";
				SWIFT_VERSION = 5.0;
				TARGETED_DEVICE_FAMILY = "1,2";
			};
			name = Debug;
		};
		BE46489523110C1300F4147B /* Release */ = {
			isa = XCBuildConfiguration;
			buildSettings = {
				ASSETCATALOG_COMPILER_APPICON_NAME = AppIcon;
				CODE_SIGN_STYLE = Automatic;
				DEVELOPMENT_TEAM = 2Q842Y4M67;
				INFOPLIST_FILE = collectionView/Info.plist;
				LD_RUNPATH_SEARCH_PATHS = (
					"$(inherited)",
					"@executable_path/Frameworks",
				);
				PRODUCT_BUNDLE_IDENTIFIER = acpatel.collectionView;
				PRODUCT_NAME = "$(TARGET_NAME)";
				SWIFT_VERSION = 5.0;
				TARGETED_DEVICE_FAMILY = "1,2";
			};
			name = Release;
		};
		BE46489723110C1300F4147B /* Debug */ = {
			isa = XCBuildConfiguration;
			buildSettings = {
				ALWAYS_EMBED_SWIFT_STANDARD_LIBRARIES = YES;
				BUNDLE_LOADER = "$(TEST_HOST)";
				CODE_SIGN_STYLE = Automatic;
				DEVELOPMENT_TEAM = 2Q842Y4M67;
				INFOPLIST_FILE = collectionViewTests/Info.plist;
				LD_RUNPATH_SEARCH_PATHS = (
					"$(inherited)",
					"@executable_path/Frameworks",
					"@loader_path/Frameworks",
				);
				PRODUCT_BUNDLE_IDENTIFIER = acpatel.collectionViewTests;
				PRODUCT_NAME = "$(TARGET_NAME)";
				SWIFT_VERSION = 5.0;
				TARGETED_DEVICE_FAMILY = "1,2";
				TEST_HOST = "$(BUILT_PRODUCTS_DIR)/collectionView.app/collectionView";
			};
			name = Debug;
		};
		BE46489823110C1300F4147B /* Release */ = {
			isa = XCBuildConfiguration;
			buildSettings = {
				ALWAYS_EMBED_SWIFT_STANDARD_LIBRARIES = YES;
				BUNDLE_LOADER = "$(TEST_HOST)";
				CODE_SIGN_STYLE = Automatic;
				DEVELOPMENT_TEAM = 2Q842Y4M67;
				INFOPLIST_FILE = collectionViewTests/Info.plist;
				LD_RUNPATH_SEARCH_PATHS = (
					"$(inherited)",
					"@executable_path/Frameworks",
					"@loader_path/Frameworks",
				);
				PRODUCT_BUNDLE_IDENTIFIER = acpatel.collectionViewTests;
				PRODUCT_NAME = "$(TARGET_NAME)";
				SWIFT_VERSION = 5.0;
				TARGETED_DEVICE_FAMILY = "1,2";
				TEST_HOST = "$(BUILT_PRODUCTS_DIR)/collectionView.app/collectionView";
			};
			name = Release;
		};
		BE46489A23110C1300F4147B /* Debug */ = {
			isa = XCBuildConfiguration;
			buildSettings = {
				ALWAYS_EMBED_SWIFT_STANDARD_LIBRARIES = YES;
				CODE_SIGN_STYLE = Automatic;
				DEVELOPMENT_TEAM = 2Q842Y4M67;
				INFOPLIST_FILE = collectionViewUITests/Info.plist;
				LD_RUNPATH_SEARCH_PATHS = (
					"$(inherited)",
					"@executable_path/Frameworks",
					"@loader_path/Frameworks",
				);
				PRODUCT_BUNDLE_IDENTIFIER = acpatel.collectionViewUITests;
				PRODUCT_NAME = "$(TARGET_NAME)";
				SWIFT_VERSION = 5.0;
				TARGETED_DEVICE_FAMILY = "1,2";
				TEST_TARGET_NAME = collectionView;
			};
			name = Debug;
		};
		BE46489B23110C1300F4147B /* Release */ = {
			isa = XCBuildConfiguration;
			buildSettings = {
				ALWAYS_EMBED_SWIFT_STANDARD_LIBRARIES = YES;
				CODE_SIGN_STYLE = Automatic;
				DEVELOPMENT_TEAM = 2Q842Y4M67;
				INFOPLIST_FILE = collectionViewUITests/Info.plist;
				LD_RUNPATH_SEARCH_PATHS = (
					"$(inherited)",
					"@executable_path/Frameworks",
					"@loader_path/Frameworks",
				);
				PRODUCT_BUNDLE_IDENTIFIER = acpatel.collectionViewUITests;
				PRODUCT_NAME = "$(TARGET_NAME)";
				SWIFT_VERSION = 5.0;
				TARGETED_DEVICE_FAMILY = "1,2";
				TEST_TARGET_NAME = collectionView;
			};
			name = Release;
		};
/* End XCBuildConfiguration section */

/* Begin XCConfigurationList section */
		BE46486323110C1000F4147B /* Build configuration list for PBXProject "collectionView" */ = {
			isa = XCConfigurationList;
			buildConfigurations = (
				BE46489123110C1300F4147B /* Debug */,
				BE46489223110C1300F4147B /* Release */,
			);
			defaultConfigurationIsVisible = 0;
			defaultConfigurationName = Release;
		};
		BE46489323110C1300F4147B /* Build configuration list for PBXNativeTarget "collectionView" */ = {
			isa = XCConfigurationList;
			buildConfigurations = (
				BE46489423110C1300F4147B /* Debug */,
				BE46489523110C1300F4147B /* Release */,
			);
			defaultConfigurationIsVisible = 0;
			defaultConfigurationName = Release;
		};
		BE46489623110C1300F4147B /* Build configuration list for PBXNativeTarget "collectionViewTests" */ = {
			isa = XCConfigurationList;
			buildConfigurations = (
				BE46489723110C1300F4147B /* Debug */,
				BE46489823110C1300F4147B /* Release */,
			);
			defaultConfigurationIsVisible = 0;
			defaultConfigurationName = Release;
		};
		BE46489923110C1300F4147B /* Build configuration list for PBXNativeTarget "collectionViewUITests" */ = {
			isa = XCConfigurationList;
			buildConfigurations = (
				BE46489A23110C1300F4147B /* Debug */,
				BE46489B23110C1300F4147B /* Release */,
			);
			defaultConfigurationIsVisible = 0;
			defaultConfigurationName = Release;
		};
/* End XCConfigurationList section */

/* Begin XCVersionGroup section */
		BE46487223110C1000F4147B /* collectionView.xcdatamodeld */ = {
			isa = XCVersionGroup;
			children = (
				BE46487323110C1000F4147B /* collectionView.xcdatamodel */,
			);
			currentVersion = BE46487323110C1000F4147B /* collectionView.xcdatamodel */;
			path = collectionView.xcdatamodeld;
			sourceTree = "<group>";
			versionGroupType = wrapper.xcdatamodel;
		};
/* End XCVersionGroup section */
	};
	rootObject = BE46486023110C1000F4147B /* Project object */;
}
